
Microsoft Visual Studio Solution File, Format Version 12.00
# Visual Studio Version 17
VisualStudioVersion = 17.4.33103.184
MinimumVisualStudioVersion = 10.0.40219.1
Project("{9A19103F-16F7-4668-BE54-9A1E7A4F7556}") = "Chase.FFmpeg", "Chase.FFmpeg\Chase.FFmpeg.csproj", "{FBB56632-62DB-4593-88D8-FAEABEC57223}"
EndProject
Project("{9A19103F-16F7-4668-BE54-9A1E7A4F7556}") = "Chase.FFmpeg.Downloader", "Chase.FFmpeg.Downloader\Chase.FFmpeg.Downloader.csproj", "{D5C01FEB-1930-4BEC-BBB0-AAD67F8FE4E3}"
EndProject
Project("{9A19103F-16F7-4668-BE54-9A1E7A4F7556}") = "Chase.FFmpeg.Extra", "Chase.FFmpeg.Extra\Chase.FFmpeg.Extra.csproj", "{B6D52D7E-CCC8-458A-9FAF-7921406248DD}"
EndProject
Project("{9A19103F-16F7-4668-BE54-9A1E7A4F7556}") = "Chase.FFmpeg.Client", "Chase.FFmpeg.Client\Chase.FFmpeg.Client.csproj", "{F37234AE-9976-4D6A-8CCC-D81CEE8655EB}"
EndProject
Project("{9A19103F-16F7-4668-BE54-9A1E7A4F7556}") = "Chase.FFmpeg.Capture", "Chase.FFmpeg.Capture\Chase.FFmpeg.Capture.csproj", "{A162E56E-01D2-42D2-8B8C-F86DB633809F}"
EndProject
Project("{FAE04EC0-301F-11D3-BF4B-00C04F79EFBC}") = "Chase.FFmpeg.Native", "Chase.FFmpeg.Native\Chase.FFmpeg.Native.csproj", "{0DB1EF57-784F-4B3B-A4BC-219D4B1FB812}"
EndProject
Project("{FAE04EC0-301F-11D3-BF4B-00C04F79EFBC}") = "Chase.FFmpeg.Test", "Chase.FFmpeg.Test\Chase.FFmpeg.Test.csproj", "{E6C6F019-DE81-4FDD-A032-B31777212C66}"
EndProject
Project("{8BC9CEB8-8B4A-11D0-8D11-00A0C91BC942}") = "Chase.FFmpeg.Native.Wrapper", "Chase.FFmpeg.Native.Wrapper\Chase.FFmpeg.Native.Wrapper.vcxproj", "{4E6A330E-71DD-44E1-A713-CACAE5BB939B}"
EndProject
Global
	GlobalSection(SolutionConfigurationPlatforms) = preSolution
		Debug|Any CPU = Debug|Any CPU
		Debug|x64 = Debug|x64
		Debug|x86 = Debug|x86
		Release|Any CPU = Release|Any CPU
		Release|x64 = Release|x64
		Release|x86 = Release|x86
	EndGlobalSection
	GlobalSection(ProjectConfigurationPlatforms) = postSolution
		{FBB56632-62DB-4593-88D8-FAEABEC57223}.Debug|Any CPU.ActiveCfg = Debug|Any CPU
		{FBB56632-62DB-4593-88D8-FAEABEC57223}.Debug|Any CPU.Build.0 = Debug|Any CPU
		{FBB56632-62DB-4593-88D8-FAEABEC57223}.Debug|x64.ActiveCfg = Debug|Any CPU
		{FBB56632-62DB-4593-88D8-FAEABEC57223}.Debug|x64.Build.0 = Debug|Any CPU
		{FBB56632-62DB-4593-88D8-FAEABEC57223}.Debug|x86.ActiveCfg = Debug|Any CPU
		{FBB56632-62DB-4593-88D8-FAEABEC57223}.Debug|x86.Build.0 = Debug|Any CPU
		{FBB56632-62DB-4593-88D8-FAEABEC57223}.Release|Any CPU.ActiveCfg = Release|Any CPU
		{FBB56632-62DB-4593-88D8-FAEABEC57223}.Release|Any CPU.Build.0 = Release|Any CPU
		{FBB56632-62DB-4593-88D8-FAEABEC57223}.Release|x64.ActiveCfg = Release|Any CPU
		{FBB56632-62DB-4593-88D8-FAEABEC57223}.Release|x64.Build.0 = Release|Any CPU
		{FBB56632-62DB-4593-88D8-FAEABEC57223}.Release|x86.ActiveCfg = Release|Any CPU
		{FBB56632-62DB-4593-88D8-FAEABEC57223}.Release|x86.Build.0 = Release|Any CPU
		{D5C01FEB-1930-4BEC-BBB0-AAD67F8FE4E3}.Debug|Any CPU.ActiveCfg = Debug|Any CPU
		{D5C01FEB-1930-4BEC-BBB0-AAD67F8FE4E3}.Debug|Any CPU.Build.0 = Debug|Any CPU
		{D5C01FEB-1930-4BEC-BBB0-AAD67F8FE4E3}.Debug|x64.ActiveCfg = Debug|Any CPU
		{D5C01FEB-1930-4BEC-BBB0-AAD67F8FE4E3}.Debug|x64.Build.0 = Debug|Any CPU
		{D5C01FEB-1930-4BEC-BBB0-AAD67F8FE4E3}.Debug|x86.ActiveCfg = Debug|Any CPU
		{D5C01FEB-1930-4BEC-BBB0-AAD67F8FE4E3}.Debug|x86.Build.0 = Debug|Any CPU
		{D5C01FEB-1930-4BEC-BBB0-AAD67F8FE4E3}.Release|Any CPU.ActiveCfg = Release|Any CPU
		{D5C01FEB-1930-4BEC-BBB0-AAD67F8FE4E3}.Release|Any CPU.Build.0 = Release|Any CPU
		{D5C01FEB-1930-4BEC-BBB0-AAD67F8FE4E3}.Release|x64.ActiveCfg = Release|Any CPU
		{D5C01FEB-1930-4BEC-BBB0-AAD67F8FE4E3}.Release|x64.Build.0 = Release|Any CPU
		{D5C01FEB-1930-4BEC-BBB0-AAD67F8FE4E3}.Release|x86.ActiveCfg = Release|Any CPU
		{D5C01FEB-1930-4BEC-BBB0-AAD67F8FE4E3}.Release|x86.Build.0 = Release|Any CPU
		{B6D52D7E-CCC8-458A-9FAF-7921406248DD}.Debug|Any CPU.ActiveCfg = Debug|Any CPU
		{B6D52D7E-CCC8-458A-9FAF-7921406248DD}.Debug|Any CPU.Build.0 = Debug|Any CPU
		{B6D52D7E-CCC8-458A-9FAF-7921406248DD}.Debug|x64.ActiveCfg = Debug|Any CPU
		{B6D52D7E-CCC8-458A-9FAF-7921406248DD}.Debug|x64.Build.0 = Debug|Any CPU
		{B6D52D7E-CCC8-458A-9FAF-7921406248DD}.Debug|x86.ActiveCfg = Debug|Any CPU
		{B6D52D7E-CCC8-458A-9FAF-7921406248DD}.Debug|x86.Build.0 = Debug|Any CPU
		{B6D52D7E-CCC8-458A-9FAF-7921406248DD}.Release|Any CPU.ActiveCfg = Release|Any CPU
		{B6D52D7E-CCC8-458A-9FAF-7921406248DD}.Release|Any CPU.Build.0 = Release|Any CPU
		{B6D52D7E-CCC8-458A-9FAF-7921406248DD}.Release|x64.ActiveCfg = Release|Any CPU
		{B6D52D7E-CCC8-458A-9FAF-7921406248DD}.Release|x64.Build.0 = Release|Any CPU
		{B6D52D7E-CCC8-458A-9FAF-7921406248DD}.Release|x86.ActiveCfg = Release|Any CPU
		{B6D52D7E-CCC8-458A-9FAF-7921406248DD}.Release|x86.Build.0 = Release|Any CPU
		{F37234AE-9976-4D6A-8CCC-D81CEE8655EB}.Debug|Any CPU.ActiveCfg = Debug|Any CPU
		{F37234AE-9976-4D6A-8CCC-D81CEE8655EB}.Debug|Any CPU.Build.0 = Debug|Any CPU
		{F37234AE-9976-4D6A-8CCC-D81CEE8655EB}.Debug|x64.ActiveCfg = Debug|Any CPU
		{F37234AE-9976-4D6A-8CCC-D81CEE8655EB}.Debug|x64.Build.0 = Debug|Any CPU
		{F37234AE-9976-4D6A-8CCC-D81CEE8655EB}.Debug|x86.ActiveCfg = Debug|Any CPU
		{F37234AE-9976-4D6A-8CCC-D81CEE8655EB}.Debug|x86.Build.0 = Debug|Any CPU
		{F37234AE-9976-4D6A-8CCC-D81CEE8655EB}.Release|Any CPU.ActiveCfg = Release|Any CPU
		{F37234AE-9976-4D6A-8CCC-D81CEE8655EB}.Release|Any CPU.Build.0 = Release|Any CPU
		{F37234AE-9976-4D6A-8CCC-D81CEE8655EB}.Release|x64.ActiveCfg = Release|Any CPU
		{F37234AE-9976-4D6A-8CCC-D81CEE8655EB}.Release|x64.Build.0 = Release|Any CPU
		{F37234AE-9976-4D6A-8CCC-D81CEE8655EB}.Release|x86.ActiveCfg = Release|Any CPU
		{F37234AE-9976-4D6A-8CCC-D81CEE8655EB}.Release|x86.Build.0 = Release|Any CPU
		{A162E56E-01D2-42D2-8B8C-F86DB633809F}.Debug|Any CPU.ActiveCfg = Debug|Any CPU
		{A162E56E-01D2-42D2-8B8C-F86DB633809F}.Debug|Any CPU.Build.0 = Debug|Any CPU
		{A162E56E-01D2-42D2-8B8C-F86DB633809F}.Debug|x64.ActiveCfg = Debug|Any CPU
		{A162E56E-01D2-42D2-8B8C-F86DB633809F}.Debug|x64.Build.0 = Debug|Any CPU
		{A162E56E-01D2-42D2-8B8C-F86DB633809F}.Debug|x86.ActiveCfg = Debug|Any CPU
		{A162E56E-01D2-42D2-8B8C-F86DB633809F}.Debug|x86.Build.0 = Debug|Any CPU
		{A162E56E-01D2-42D2-8B8C-F86DB633809F}.Release|Any CPU.ActiveCfg = Release|Any CPU
		{A162E56E-01D2-42D2-8B8C-F86DB633809F}.Release|Any CPU.Build.0 = Release|Any CPU
		{A162E56E-01D2-42D2-8B8C-F86DB633809F}.Release|x64.ActiveCfg = Release|Any CPU
		{A162E56E-01D2-42D2-8B8C-F86DB633809F}.Release|x64.Build.0 = Release|Any CPU
		{A162E56E-01D2-42D2-8B8C-F86DB633809F}.Release|x86.ActiveCfg = Release|Any CPU
		{A162E56E-01D2-42D2-8B8C-F86DB633809F}.Release|x86.Build.0 = Release|Any CPU
		{0DB1EF57-784F-4B3B-A4BC-219D4B1FB812}.Debug|Any CPU.ActiveCfg = Debug|Any CPU
		{0DB1EF57-784F-4B3B-A4BC-219D4B1FB812}.Debug|Any CPU.Build.0 = Debug|Any CPU
		{0DB1EF57-784F-4B3B-A4BC-219D4B1FB812}.Debug|x64.ActiveCfg = Debug|Any CPU
		{0DB1EF57-784F-4B3B-A4BC-219D4B1FB812}.Debug|x64.Build.0 = Debug|Any CPU
		{0DB1EF57-784F-4B3B-A4BC-219D4B1FB812}.Debug|x86.ActiveCfg = Debug|Any CPU
		{0DB1EF57-784F-4B3B-A4BC-219D4B1FB812}.Debug|x86.Build.0 = Debug|Any CPU
		{0DB1EF57-784F-4B3B-A4BC-219D4B1FB812}.Release|Any CPU.ActiveCfg = Release|Any CPU
		{0DB1EF57-784F-4B3B-A4BC-219D4B1FB812}.Release|Any CPU.Build.0 = Release|Any CPU
		{0DB1EF57-784F-4B3B-A4BC-219D4B1FB812}.Release|x64.ActiveCfg = Release|Any CPU
		{0DB1EF57-784F-4B3B-A4BC-219D4B1FB812}.Release|x64.Build.0 = Release|Any CPU
		{0DB1EF57-784F-4B3B-A4BC-219D4B1FB812}.Release|x86.ActiveCfg = Release|Any CPU
		{0DB1EF57-784F-4B3B-A4BC-219D4B1FB812}.Release|x86.Build.0 = Release|Any CPU
		{E6C6F019-DE81-4FDD-A032-B31777212C66}.Debug|Any CPU.ActiveCfg = Debug|Any CPU
		{E6C6F019-DE81-4FDD-A032-B31777212C66}.Debug|Any CPU.Build.0 = Debug|Any CPU
		{E6C6F019-DE81-4FDD-A032-B31777212C66}.Debug|x64.ActiveCfg = Debug|Any CPU
		{E6C6F019-DE81-4FDD-A032-B31777212C66}.Debug|x64.Build.0 = Debug|Any CPU
		{E6C6F019-DE81-4FDD-A032-B31777212C66}.Debug|x86.ActiveCfg = Debug|Any CPU
		{E6C6F019-DE81-4FDD-A032-B31777212C66}.Debug|x86.Build.0 = Debug|Any CPU
		{E6C6F019-DE81-4FDD-A032-B31777212C66}.Release|Any CPU.ActiveCfg = Release|Any CPU
		{E6C6F019-DE81-4FDD-A032-B31777212C66}.Release|Any CPU.Build.0 = Release|Any CPU
		{E6C6F019-DE81-4FDD-A032-B31777212C66}.Release|x64.ActiveCfg = Release|Any CPU
		{E6C6F019-DE81-4FDD-A032-B31777212C66}.Release|x64.Build.0 = Release|Any CPU
		{E6C6F019-DE81-4FDD-A032-B31777212C66}.Release|x86.ActiveCfg = Release|Any CPU
		{E6C6F019-DE81-4FDD-A032-B31777212C66}.Release|x86.Build.0 = Release|Any CPU
		{4E6A330E-71DD-44E1-A713-CACAE5BB939B}.Debug|Any CPU.ActiveCfg = Debug|x64
		{4E6A330E-71DD-44E1-A713-CACAE5BB939B}.Debug|Any CPU.Build.0 = Debug|x64
		{4E6A330E-71DD-44E1-A713-CACAE5BB939B}.Debug|x64.ActiveCfg = Debug|x64
		{4E6A330E-71DD-44E1-A713-CACAE5BB939B}.Debug|x64.Build.0 = Debug|x64
		{4E6A330E-71DD-44E1-A713-CACAE5BB939B}.Debug|x86.ActiveCfg = Debug|Win32
		{4E6A330E-71DD-44E1-A713-CACAE5BB939B}.Debug|x86.Build.0 = Debug|Win32
		{4E6A330E-71DD-44E1-A713-CACAE5BB939B}.Release|Any CPU.ActiveCfg = Release|x64
		{4E6A330E-71DD-44E1-A713-CACAE5BB939B}.Release|Any CPU.Build.0 = Release|x64
		{4E6A330E-71DD-44E1-A713-CACAE5BB939B}.Release|x64.ActiveCfg = Release|x64
		{4E6A330E-71DD-44E1-A713-CACAE5BB939B}.Release|x64.Build.0 = Release|x64
		{4E6A330E-71DD-44E1-A713-CACAE5BB939B}.Release|x86.ActiveCfg = Release|Win32
		{4E6A330E-71DD-44E1-A713-CACAE5BB939B}.Release|x86.Build.0 = Release|Win32
	EndGlobalSection
	GlobalSection(SolutionProperties) = preSolution
		HideSolutionNode = FALSE
	EndGlobalSection
	GlobalSection(ExtensibilityGlobals) = postSolution
		SolutionGuid = {5655A2E4-8BD9-477C-BC5C-FFE8259F30B0}
	EndGlobalSection
EndGlobal
